
Microsoft Visual Studio Solution File, Format Version 12.00
# Visual Studio Version 16
VisualStudioVersion = 16.0.31829.152
MinimumVisualStudioVersion = 10.0.40219.1
Project("{9A19103F-16F7-4668-BE54-9A1E7A4F7556}") = "mvc-dot-net-dive-in-hands-on-dirty", "mvc-dot-net-dive-in-hands-on-dirty\mvc-dot-net-dive-in-hands-on-dirty.csproj", "{26B8CCFB-25C0-41B4-AEF1-16373DFCB2CF}"
EndProject
Project("{FAE04EC0-301F-11D3-BF4B-00C04F79EFBC}") = "Youtube Downloader", "Youtube Downloader\Youtube Downloader.csproj", "{50A1CB7D-A727-4DAE-9C69-4E1A0EFD893D}"
EndProject
Global
	GlobalSection(SolutionConfigurationPlatforms) = preSolution
		Debug|Any CPU = Debug|Any CPU
		Release|Any CPU = Release|Any CPU
	EndGlobalSection
	GlobalSection(ProjectConfigurationPlatforms) = postSolution
		{26B8CCFB-25C0-41B4-AEF1-16373DFCB2CF}.Debug|Any CPU.ActiveCfg = Debug|Any CPU
		{26B8CCFB-25C0-41B4-AEF1-16373DFCB2CF}.Debug|Any CPU.Build.0 = Debug|Any CPU
		{26B8CCFB-25C0-41B4-AEF1-16373DFCB2CF}.Release|Any CPU.ActiveCfg = Release|Any CPU
		{26B8CCFB-25C0-41B4-AEF1-16373DFCB2CF}.Release|Any CPU.Build.0 = Release|Any CPU
		{50A1CB7D-A727-4DAE-9C69-4E1A0EFD893D}.Debug|Any CPU.ActiveCfg = Debug|Any CPU
		{50A1CB7D-A727-4DAE-9C69-4E1A0EFD893D}.Debug|Any CPU.Build.0 = Debug|Any CPU
		{50A1CB7D-A727-4DAE-9C69-4E1A0EFD893D}.Release|Any CPU.ActiveCfg = Release|Any CPU
		{50A1CB7D-A727-4DAE-9C69-4E1A0EFD893D}.Release|Any CPU.Build.0 = Release|Any CPU
	EndGlobalSection
	GlobalSection(SolutionProperties) = preSolution
		HideSolutionNode = FALSE
	EndGlobalSection
	GlobalSection(ExtensibilityGlobals) = postSolution
		SolutionGuid = {A2A4E0B6-C720-4FA9-8F0E-933AFEAF55FC}
	EndGlobalSection
EndGlobal
